{
  "originHash" : "876b6ad4849d7cf80b07a9963ad8a76ce5da60db0a83a93afbf9be4100c5c6a7",
  "pins" : [
    {
      "identity" : "bdk-swift",
      "kind" : "remoteSourceControl",
      "location" : "https://github.com/bitcoindevkit/bdk-swift",
      "state" : {
        "revision" : "370f3947d4fd87377f645927d4a86597f1591cc0",
        "version" : "2.0.0"
      }
    },
    {
      "identity" : "bitcoinui",
      "kind" : "remoteSourceControl",
      "location" : "https://github.com/reez/BitcoinUI",
      "state" : {
        "branch" : "main",
        "revision" : "92f1bf3d3b5b5404b24fbcae9a3105b4afa879bc"
      }
    },
    {
      "identity" : "keychainaccess",
      "kind" : "remoteSourceControl",
      "location" : "https://github.com/kishikawakatsumi/KeychainAccess",
      "state" : {
        "branch" : "master",
        "revision" : "e0c7eebc5a4465a3c4680764f26b7a61f567cdaf"
      }
    },
    {
      "identity" : "qrcode",
      "kind" : "remoteSourceControl",
      "location" : "https://github.com/dagronf/QRCode.git",
      "state" : {
        "revision" : "177d4091f7fcce1efc22de2a5fcdb671bd103101",
        "version" : "26.10.0"
      }
    },
    {
      "identity" : "swift-qrcode-generator",
      "kind" : "remoteSourceControl",
      "location" : "https://github.com/dagronf/swift-qrcode-generator",
      "state" : {
        "revision" : "2b1980b825f08a81ccc762b0c4d17fcde9d5e953",
        "version" : "2.0.2"
      }
    },
    {
      "identity" : "swiftimagereadwrite",
      "kind" : "remoteSourceControl",
      "location" : "https://github.com/dagronf/SwiftImageReadWrite",
      "state" : {
        "revision" : "42ace2412279f18bc264bc306e96b51c36e12a33",
        "version" : "1.9.2"
      }
    }
  ],
  "version" : 3
}
